
Microsoft Visual Studio Solution File, Format Version 12.00
# Visual Studio Version 17
VisualStudioVersion = 17.14.36221.1 d17.14
MinimumVisualStudioVersion = 10.0.40219.1
Project("{FAE04EC0-301F-11D3-BF4B-00C04F79EFBC}") = "BookStore", "BookStore\BookStore.csproj", "{0F02890D-AD16-42D2-B26C-CAE1D24BE0EB}"
EndProject
Global
	GlobalSection(SolutionConfigurationPlatforms) = preSolution
		Debug|Any CPU = Debug|Any CPU
		Release|Any CPU = Release|Any CPU
	EndGlobalSection
	GlobalSection(ProjectConfigurationPlatforms) = postSolution
		{0F02890D-AD16-42D2-B26C-CAE1D24BE0EB}.Debug|Any CPU.ActiveCfg = Debug|Any CPU
		{0F02890D-AD16-42D2-B26C-CAE1D24BE0EB}.Debug|Any CPU.Build.0 = Debug|Any CPU
		{0F02890D-AD16-42D2-B26C-CAE1D24BE0EB}.Release|Any CPU.ActiveCfg = Release|Any CPU
		{0F02890D-AD16-42D2-B26C-CAE1D24BE0EB}.Release|Any CPU.Build.0 = Release|Any CPU
	EndGlobalSection
	GlobalSection(SolutionProperties) = preSolution
		HideSolutionNode = FALSE
	EndGlobalSection
	GlobalSection(ExtensibilityGlobals) = postSolution
		SolutionGuid = {0086321A-AD85-4D1D-B463-038717D72326}
	EndGlobalSection
EndGlobal
